
Microsoft Visual Studio Solution File, Format Version 12.00
# Visual Studio Version 17
VisualStudioVersion = 17.5.33424.131
MinimumVisualStudioVersion = 10.0.40219.1
Project("{9A19103F-16F7-4668-BE54-9A1E7A4F7556}") = "MyTasks.Domain", "MyTasks.Domain\MyTasks.Domain.csproj", "{BB66DC6E-C48C-48C9-A3DA-084E99BB60B5}"
EndProject
Project("{9A19103F-16F7-4668-BE54-9A1E7A4F7556}") = "MyTasks.Dto", "MyTasks.Dto\MyTasks.Dto.csproj", "{2A891F45-EEC4-4A48-B35C-1900C8E5EB78}"
EndProject
Project("{9A19103F-16F7-4668-BE54-9A1E7A4F7556}") = "MyTasks.Infra", "MyTasks.Infra\MyTasks.Infra.csproj", "{077F81B4-0902-46E8-9B03-4D20DE40AD6B}"
EndProject
Project("{9A19103F-16F7-4668-BE54-9A1E7A4F7556}") = "MyTasks..Web", "MyTasks.Web\MyTasks..Web.csproj", "{73B573CE-9D75-4D4C-9F43-552E4B8AE26C}"
EndProject
Global
	GlobalSection(SolutionConfigurationPlatforms) = preSolution
		Debug|Any CPU = Debug|Any CPU
		Release|Any CPU = Release|Any CPU
	EndGlobalSection
	GlobalSection(ProjectConfigurationPlatforms) = postSolution
		{BB66DC6E-C48C-48C9-A3DA-084E99BB60B5}.Debug|Any CPU.ActiveCfg = Debug|Any CPU
		{BB66DC6E-C48C-48C9-A3DA-084E99BB60B5}.Debug|Any CPU.Build.0 = Debug|Any CPU
		{BB66DC6E-C48C-48C9-A3DA-084E99BB60B5}.Release|Any CPU.ActiveCfg = Release|Any CPU
		{BB66DC6E-C48C-48C9-A3DA-084E99BB60B5}.Release|Any CPU.Build.0 = Release|Any CPU
		{2A891F45-EEC4-4A48-B35C-1900C8E5EB78}.Debug|Any CPU.ActiveCfg = Debug|Any CPU
		{2A891F45-EEC4-4A48-B35C-1900C8E5EB78}.Debug|Any CPU.Build.0 = Debug|Any CPU
		{2A891F45-EEC4-4A48-B35C-1900C8E5EB78}.Release|Any CPU.ActiveCfg = Release|Any CPU
		{2A891F45-EEC4-4A48-B35C-1900C8E5EB78}.Release|Any CPU.Build.0 = Release|Any CPU
		{077F81B4-0902-46E8-9B03-4D20DE40AD6B}.Debug|Any CPU.ActiveCfg = Debug|Any CPU
		{077F81B4-0902-46E8-9B03-4D20DE40AD6B}.Debug|Any CPU.Build.0 = Debug|Any CPU
		{077F81B4-0902-46E8-9B03-4D20DE40AD6B}.Release|Any CPU.ActiveCfg = Release|Any CPU
		{077F81B4-0902-46E8-9B03-4D20DE40AD6B}.Release|Any CPU.Build.0 = Release|Any CPU
		{73B573CE-9D75-4D4C-9F43-552E4B8AE26C}.Debug|Any CPU.ActiveCfg = Debug|Any CPU
		{73B573CE-9D75-4D4C-9F43-552E4B8AE26C}.Debug|Any CPU.Build.0 = Debug|Any CPU
		{73B573CE-9D75-4D4C-9F43-552E4B8AE26C}.Release|Any CPU.ActiveCfg = Release|Any CPU
		{73B573CE-9D75-4D4C-9F43-552E4B8AE26C}.Release|Any CPU.Build.0 = Release|Any CPU
	EndGlobalSection
	GlobalSection(SolutionProperties) = preSolution
		HideSolutionNode = FALSE
	EndGlobalSection
	GlobalSection(ExtensibilityGlobals) = postSolution
		SolutionGuid = {9025C0E2-CD7E-426B-BD23-4F9D0C070086}
	EndGlobalSection
EndGlobal
